// !$*UTF8*$!
{
	archiveVersion = 1;
	classes = {
	};
	objectVersion = 46;
	objects = {

/* Begin PBXBuildFile section */
		27F589511BE99038004FF7D9 /* AppDelegate.swift in Sources */ = {isa = PBXBuildFile; fileRef = 27F589501BE99038004FF7D9 /* AppDelegate.swift */; };
		27F589531BE99038004FF7D9 /* ViewController.swift in Sources */ = {isa = PBXBuildFile; fileRef = 27F589521BE99038004FF7D9 /* ViewController.swift */; };
		27F589561BE99038004FF7D9 /* Main.storyboard in Resources */ = {isa = PBXBuildFile; fileRef = 27F589541BE99038004FF7D9 /* Main.storyboard */; };
		27F589581BE99038004FF7D9 /* Assets.xcassets in Resources */ = {isa = PBXBuildFile; fileRef = 27F589571BE99038004FF7D9 /* Assets.xcassets */; };
		27F5895B1BE99038004FF7D9 /* LaunchScreen.storyboard in Resources */ = {isa = PBXBuildFile; fileRef = 27F589591BE99038004FF7D9 /* LaunchScreen.storyboard */; };
/* End PBXBuildFile section */

/* Begin PBXFileReference section */
		27F5894D1BE99038004FF7D9 /* MotionProject.app */ = {isa = PBXFileReference; explicitFileType = wrapper.application; includeInIndex = 0; path = MotionProject.app; sourceTree = BUILT_PRODUCTS_DIR; };
		27F589501BE99038004FF7D9 /* AppDelegate.swift */ = {isa = PBXFileReference; lastKnownFileType = sourcecode.swift; path = AppDelegate.swift; sourceTree = "<group>"; };
		27F589521BE99038004FF7D9 /* ViewController.swift */ = {isa = PBXFileReference; lastKnownFileType = sourcecode.swift; path = ViewController.swift; sourceTree = "<group>"; };
		27F589551BE99038004FF7D9 /* Base */ = {isa = PBXFileReference; lastKnownFileType = file.storyboard; name = Base; path = Base.lproj/Main.storyboard; sourceTree = "<group>"; };
		27F589571BE99038004FF7D9 /* Assets.xcassets */ = {isa = PBXFileReference; lastKnownFileType = folder.assetcatalog; path = Assets.xcassets; sourceTree = "<group>"; };
		27F5895A1BE99038004FF7D9 /* Base */ = {isa = PBXFileReference; lastKnownFileType = file.storyboard; name = Base; path = Base.lproj/LaunchScreen.storyboard; sourceTree = "<group>"; };
		27F5895C1BE99038004FF7D9 /* Info.plist */ = {isa = PBXFileReference; lastKnownFileType = text.plist.xml; path = Info.plist; sourceTree = "<group>"; };
/* End PBXFileReference section */

/* Begin PBXFrameworksBuildPhase section */
		27F5894A1BE99038004FF7D9 /* Frameworks */ = {
			isa = PBXFrameworksBuildPhase;
			buildActionMask = 2147483647;
			files = (
			);
			runOnlyForDeploymentPostprocessing = 0;
		};
/* End PBXFrameworksBuildPhase section */

/* Begin PBXGroup section */
		27F589441BE99038004FF7D9 = {
			isa = PBXGroup;
			children = (
				27F5894F1BE99038004FF7D9 /* MotionProject */,
				27F5894E1BE99038004FF7D9 /* Products */,
			);
			sourceTree = "<group>";
		};
		27F5894E1BE99038004FF7D9 /* Products */ = {
			isa = PBXGroup;
			children = (
				27F5894D1BE99038004FF7D9 /* MotionProject.app */,
			);
			name = Products;
			sourceTree = "<group>";
		};
		27F5894F1BE99038004FF7D9 /* MotionProject */ = {
			isa = PBXGroup;
			children = (
				27F589501BE99038004FF7D9 /* AppDelegate.swift */,
				27F589521BE99038004FF7D9 /* ViewController.swift */,
				27F589541BE99038004FF7D9 /* Main.storyboard */,
				27F589571BE99038004FF7D9 /* Assets.xcassets */,
				27F589591BE99038004FF7D9 /* LaunchScreen.storyboard */,
				27F5895C1BE99038004FF7D9 /* Info.plist */,
			);
			path = MotionProject;
			sourceTree = "<group>";
		};
/* End PBXGroup section */

/* Begin PBXNativeTarget section */
		27F5894C1BE99038004FF7D9 /* MotionProject */ = {
			isa = PBXNativeTarget;
			buildConfigurationList = 27F5895F1BE99038004FF7D9 /* Build configuration list for PBXNativeTarget "MotionProject" */;
			buildPhases = (
				27F589491BE99038004FF7D9 /* Sources */,
				27F5894A1BE99038004FF7D9 /* Frameworks */,
				27F5894B1BE99038004FF7D9 /* Resources */,
			);
			buildRules = (
			);
			dependencies = (
			);
			name = MotionProject;
			productName = MotionProject;
			productReference = 27F5894D1BE99038004FF7D9 /* MotionProject.app */;
			productType = "com.apple.product-type.application";
		};
/* End PBXNativeTarget section */

/* Begin PBXProject section */
		27F589451BE99038004FF7D9 /* Project object */ = {
			isa = PBXProject;
			attributes = {
				LastSwiftUpdateCheck = 0710;
				LastUpgradeCheck = 0710;
				ORGANIZATIONNAME = kylepontius;
				TargetAttributes = {
					27F5894C1BE99038004FF7D9 = {
						CreatedOnToolsVersion = 7.1;
						DevelopmentTeam = B6A555J4X6;
					};
				};
			};
			buildConfigurationList = 27F589481BE99038004FF7D9 /* Build configuration list for PBXProject "MotionProject" */;
			compatibilityVersion = "Xcode 3.2";
			developmentRegion = English;
			hasScannedForEncodings = 0;
			knownRegions = (
				en,
				Base,
			);
			mainGroup = 27F589441BE99038004FF7D9;
			productRefGroup = 27F5894E1BE99038004FF7D9 /* Products */;
			projectDirPath = "";
			projectRoot = "";
			targets = (
				27F5894C1BE99038004FF7D9 /* MotionProject */,
			);
		};
/* End PBXProject section */

/* Begin PBXResourcesBuildPhase section */
		27F5894B1BE99038004FF7D9 /* Resources */ = {
			isa = PBXResourcesBuildPhase;
			buildActionMask = 2147483647;
			files = (
				27F5895B1BE99038004FF7D9 /* LaunchScreen.storyboard in Resources */,
				27F589581BE99038004FF7D9 /* Assets.xcassets in Resources */,
				27F589561BE99038004FF7D9 /* Main.storyboard in Resources */,
			);
			runOnlyForDeploymentPostprocessing = 0;
		};
/* End PBXResourcesBuildPhase section */

/* Begin PBXSourcesBuildPhase section */
		27F589491BE99038004FF7D9 /* Sources */ = {
			isa = PBXSourcesBuildPhase;
			buildActionMask = 2147483647;
			files = (
				27F589531BE99038004FF7D9 /* ViewController.swift in Sources */,
				27F589511BE99038004FF7D9 /* AppDelegate.swift in Sources */,
			);
			runOnlyForDeploymentPostprocessing = 0;
		};
/* End PBXSourcesBuildPhase section */

/* Begin PBXVariantGroup section */
		27F589541BE99038004FF7D9 /* Main.storyboard */ = {
			isa = PBXVariantGroup;
			children = (
				27F589551BE99038004FF7D9 /* Base */,
			);
			name = Main.storyboard;
			sourceTree = "<group>";
		};
		27F589591BE99038004FF7D9 /* LaunchScreen.storyboard */ = {
			isa = PBXVariantGroup;
			children = (
				27F5895A1BE99038004FF7D9 /* Base */,
			);
			name = LaunchScreen.storyboard;
			sourceTree = "<group>";
		};
/* End PBXVariantGroup section */

/* Begin XCBuildConfiguration section */
		27F5895D1BE99038004FF7D9 /* Debug */ = {
			isa = XCBuildConfiguration;
			buildSettings = {
				ALWAYS_SEARCH_USER_PATHS = NO;
				CLANG_CXX_LANGUAGE_STANDARD = "gnu++0x";
				CLANG_CXX_LIBRARY = "libc++";
				CLANG_ENABLE_MODULES = YES;
				CLANG_ENABLE_OBJC_ARC = YES;
				CLANG_WARN_BOOL_CONVERSION = YES;
				CLANG_WARN_CONSTANT_CONVERSION = YES;
				CLANG_WARN_DIRECT_OBJC_ISA_USAGE = YES_ERROR;
				CLANG_WARN_EMPTY_BODY = YES;
				CLANG_WARN_ENUM_CONVERSION = YES;
				CLANG_WARN_INT_CONVERSION = YES;
				CLANG_WARN_OBJC_ROOT_CLASS = YES_ERROR;
				CLANG_WARN_UNREACHABLE_CODE = YES;
				CLANG_WARN__DUPLICATE_METHOD_MATCH = YES;
				"CODE_SIGN_IDENTITY[sdk=iphoneos*]" = "iPhone Developer";
				COPY_PHASE_STRIP = NO;
				DEBUG_INFORMATION_FORMAT = dwarf;
				ENABLE_STRICT_OBJC_MSGSEND = YES;
				ENABLE_TESTABILITY = YES;
				GCC_C_LANGUAGE_STANDARD = gnu99;
				GCC_DYNAMIC_NO_PIC = NO;
				GCC_NO_COMMON_BLOCKS = YES;
				GCC_OPTIMIZATION_LEVEL = 0;
				GCC_PREPROCESSOR_DEFINITIONS = (
					"DEBUG=1",
					"$(inherited)",
				);
				GCC_WARN_64_TO_32_BIT_CONVERSION = YES;
				GCC_WARN_ABOUT_RETURN_TYPE = YES_ERROR;
				GCC_WARN_UNDECLARED_SELECTOR = YES;
				GCC_WARN_UNINITIALIZED_AUTOS = YES_AGGRESSIVE;
				GCC_WARN_UNUSED_FUNCTION = YES;
				GCC_WARN_UNUSED_VARIABLE = YES;
				IPHONEOS_DEPLOYMENT_TARGET = 9.1;
				MTL_ENABLE_DEBUG_INFO = YES;
				ONLY_ACTIVE_ARCH = YES;
				SDKROOT = iphoneos;
				SWIFT_OPTIMIZATION_LEVEL = "-Onone";
			};
			name = Debug;
		};
		27F5895E1BE99038004FF7D9 /* Release */ = {
			isa = XCBuildConfiguration;
			buildSettings = {
				ALWAYS_SEARCH_USER_PATHS = NO;
				CLANG_CXX_LANGUAGE_STANDARD = "gnu++0x";
				CLANG_CXX_LIBRARY = "libc++";
				CLANG_ENABLE_MODULES = YES;
				CLANG_ENABLE_OBJC_ARC = YES;
				CLANG_WARN_BOOL_CONVERSION = YES;
				CLANG_WARN_CONSTANT_CONVERSION = YES;
				CLANG_WARN_DIRECT_OBJC_ISA_USAGE = YES_ERROR;
				CLANG_WARN_EMPTY_BODY = YES;
				CLANG_WARN_ENUM_CONVERSION = YES;
				CLANG_WARN_INT_CONVERSION = YES;
				CLANG_WARN_OBJC_ROOT_CLASS = YES_ERROR;
				CLANG_WARN_UNREACHABLE_CODE = YES;
				CLANG_WARN__DUPLICATE_METHOD_MATCH = YES;
				"CODE_SIGN_IDENTITY[sdk=iphoneos*]" = "iPhone Developer";
				COPY_PHASE_STRIP = NO;
				DEBUG_INFORMATION_FORMAT = "dwarf-with-dsym";
				ENABLE_NS_ASSERTIONS = NO;
				ENABLE_STRICT_OBJC_MSGSEND = YES;
				GCC_C_LANGUAGE_STANDARD = gnu99;
				GCC_NO_COMMON_BLOCKS = YES;
				GCC_WARN_64_TO_32_BIT_CONVERSION = YES;
				GCC_WARN_ABOUT_RETURN_TYPE = YES_ERROR;
				GCC_WARN_UNDECLARED_SELECTOR = YES;
				GCC_WARN_UNINITIALIZED_AUTOS = YES_AGGRESSIVE;
				GCC_WARN_UNUSED_FUNCTION = YES;
				GCC_WARN_UNUSED_VARIABLE = YES;
				IPHONEOS_DEPLOYMENT_TARGET = 9.1;
				MTL_ENABLE_DEBUG_INFO = NO;
				SDKROOT = iphoneos;
				VALIDATE_PRODUCT = YES;
			};
			name = Release;
		};
		27F589601BE99038004FF7D9 /* Debug */ = {
			isa = XCBuildConfiguration;
			buildSettings = {
				ASSETCATALOG_COMPILER_APPICON_NAME = AppIcon;
				CODE_SIGN_IDENTITY = "iPhone Developer";
				"CODE_SIGN_IDENTITY[sdk=iphoneos*]" = "iPhone Developer";
				INFOPLIST_FILE = MotionProject/Info.plist;
				LD_RUNPATH_SEARCH_PATHS = "$(inherited) @executable_path/Frameworks";
				PRODUCT_BUNDLE_IDENTIFIER = com.kylepontius.MotionProject;
				PRODUCT_NAME = "$(TARGET_NAME)";
				PROVISIONING_PROFILE = "";
			};
			name = Debug;
		};
		27F589611BE99038004FF7D9 /* Release */ = {
			isa = XCBuildConfiguration;
			buildSettings = {
				ASSETCATALOG_COMPILER_APPICON_NAME = AppIcon;
				CODE_SIGN_IDENTITY = "iPhone Developer";
				"CODE_SIGN_IDENTITY[sdk=iphoneos*]" = "iPhone Developer";
				INFOPLIST_FILE = MotionProject/Info.plist;
				LD_RUNPATH_SEARCH_PATHS = "$(inherited) @executable_path/Frameworks";
				PRODUCT_BUNDLE_IDENTIFIER = com.kylepontius.MotionProject;
				PRODUCT_NAME = "$(TARGET_NAME)";
				PROVISIONING_PROFILE = "";
			};
			name = Release;
		};
/* End XCBuildConfiguration section */

/* Begin XCConfigurationList section */
		27F589481BE99038004FF7D9 /* Build configuration list for PBXProject "MotionProject" */ = {
			isa = XCConfigurationList;
			buildConfigurations = (
				27F5895D1BE99038004FF7D9 /* Debug */,
				27F5895E1BE99038004FF7D9 /* Release */,
			);
			defaultConfigurationIsVisible = 0;
			defaultConfigurationName = Release;
		};
		27F5895F1BE99038004FF7D9 /* Build configuration list for PBXNativeTarget "MotionProject" */ = {
			isa = XCConfigurationList;
			buildConfigurations = (
				27F589601BE99038004FF7D9 /* Debug */,
				27F589611BE99038004FF7D9 /* Release */,
			);
			defaultConfigurationIsVisible = 0;
		};
/* End XCConfigurationList section */
	};
	rootObject = 27F589451BE99038004FF7D9 /* Project object */;
}
